<?xml version="1.0" encoding="utf-8"?>
<Project ToolsVersion="4.0" xmlns="http://schemas.microsoft.com/developer/msbuild/2003">
  <ItemGroup>
    <Filter Include="Source Files">
      <UniqueIdentifier>{6a6ab891-9737-4c36-95f2-a6e8394f3c26}</UniqueIdentifier>
      <Extensions>cpp;c;cxx;rc;def;r;odl;idl;hpj;bat</Extensions>
    </Filter>
    <Filter Include="Header Files">
      <UniqueIdentifier>{6b8eb1b3-9f79-4334-af97-76a3cfa1eda9}</UniqueIdentifier>
      <Extensions>h;hpp;hxx;hm;inl</Extensions>
    </Filter>
  </ItemGroup>
  <ItemGroup>
    <ClCompile Include="src\AsyncContext.cpp">
      <Filter>Source Files</Filter>
    </ClCompile>
    <ClCompile Include="src\hardlinks.cpp">
      <Filter>Source Files</Filter>
    </ClCompile>
    <ClCompile Include="src\HardlinkUtils.cpp">
      <Filter>Source Files</Filter>
    </ClCompile>
    <ClCompile Include="src\md5.cpp">
      <Filter>Source Files</Filter>
    </ClCompile>
    <ClCompile Include="src\MmfObject.cpp">
      <Filter>Source Files</Filter>
    </ClCompile>
    <ClCompile Include="src\moduleversion.cpp">
      <Filter>Source Files</Filter>
    </ClCompile>
    <ClCompile Include="src\Multilang.cpp">
      <Filter>Source Files</Filter>
    </ClCompile>
    <ClCompile Include="src\Progressbar.cpp">
      <Filter>Source Files</Filter>
    </ClCompile>
    <ClCompile Include="src\StdAfx.cpp">
      <Filter>Source Files</Filter>
    </ClCompile>
    <ClCompile Include="src\UACReuse.cpp">
      <Filter>Source Files</Filter>
    </ClCompile>
  </ItemGroup>
  <ItemGroup>
    <ClInclude Include="include\AsyncContext.h">
      <Filter>Header Files</Filter>
    </ClInclude>
    <ClInclude Include="include\hardlink.h">
      <Filter>Header Files</Filter>
    </ClInclude>
    <ClInclude Include="include\hardlink_types.h">
      <Filter>Header Files</Filter>
    </ClInclude>
    <ClInclude Include="src\hardlinks.h">
      <Filter>Header Files</Filter>
    </ClInclude>
    <ClInclude Include="include\HardlinkUtils.h">
      <Filter>Header Files</Filter>
    </ClInclude>
    <ClInclude Include="src\md5.h">
      <Filter>Header Files</Filter>
    </ClInclude>
    <ClInclude Include="src\MmfObject.h">
      <Filter>Header Files</Filter>
    </ClInclude>
    <ClInclude Include="include\moduleversion.h">
      <Filter>Header Files</Filter>
    </ClInclude>
    <ClInclude Include="include\Multilang.h">
      <Filter>Header Files</Filter>
    </ClInclude>
    <ClInclude Include="include\ntsysteminfo.h">
      <Filter>Header Files</Filter>
    </ClInclude>
    <ClInclude Include="include\Progressbar.h">
      <Filter>Header Files</Filter>
    </ClInclude>
    <ClInclude Include="src\Reparse.h">
      <Filter>Header Files</Filter>
    </ClInclude>
    <ClInclude Include="src\StdAfx.h">
      <Filter>Header Files</Filter>
    </ClInclude>
    <ClInclude Include="include\UACReuse.h">
      <Filter>Header Files</Filter>
    </ClInclude>
  </ItemGroup>
</Project>