
Microsoft Visual Studio Solution File, Format Version 9.00
# Visual Studio 2005
Project("{8BC9CEB8-8B4A-11D0-8D11-00A0C91BC942}") = "Library", "..\Common\Library\Library.vcproj", "{BE327EF6-38DA-4E56-A8FB-5417A30BC226}"
EndProject
Project("{8BC9CEB8-8B4A-11D0-8D11-00A0C91BC942}") = "Heap", "Heap\Heap.vcproj", "{DAA49CDA-72D4-4B3A-B507-36819DB136D8}"
EndProject
Project("{8BC9CEB8-8B4A-11D0-8D11-00A0C91BC942}") = "Tests", "Tests\Tests.vcproj", "{D580A2CF-56B3-4ED6-BB81-C999486510A0}"
	ProjectSection(ProjectDependencies) = postProject
		{BE327EF6-38DA-4E56-A8FB-5417A30BC226} = {BE327EF6-38DA-4E56-A8FB-5417A30BC226}
		{0B922182-42DB-47A6-8206-202868E7D6AF} = {0B922182-42DB-47A6-8206-202868E7D6AF}
	EndProjectSection
EndProject
Project("{8BC9CEB8-8B4A-11D0-8D11-00A0C91BC942}") = "RockallDLL", "RockallDLL\RockallDLL.vcproj", "{0B922182-42DB-47A6-8206-202868E7D6AF}"
	ProjectSection(ProjectDependencies) = postProject
		{BE327EF6-38DA-4E56-A8FB-5417A30BC226} = {BE327EF6-38DA-4E56-A8FB-5417A30BC226}
		{DAA49CDA-72D4-4B3A-B507-36819DB136D8} = {DAA49CDA-72D4-4B3A-B507-36819DB136D8}
	EndProjectSection
EndProject
Project("{8BC9CEB8-8B4A-11D0-8D11-00A0C91BC942}") = "Benchmark", "Benchmark\Benchmark.vcproj", "{DFA7644A-EACD-40A2-A854-76C8FEE93653}"
	ProjectSection(ProjectDependencies) = postProject
		{0B922182-42DB-47A6-8206-202868E7D6AF} = {0B922182-42DB-47A6-8206-202868E7D6AF}
	EndProjectSection
EndProject
Project("{8BC9CEB8-8B4A-11D0-8D11-00A0C91BC942}") = "Rockall", "Rockall\Rockall.vcproj", "{B58E2D24-6A65-4D57-B02D-C2CFA33A0439}"
	ProjectSection(ProjectDependencies) = postProject
		{DAA49CDA-72D4-4B3A-B507-36819DB136D8} = {DAA49CDA-72D4-4B3A-B507-36819DB136D8}
		{BE327EF6-38DA-4E56-A8FB-5417A30BC226} = {BE327EF6-38DA-4E56-A8FB-5417A30BC226}
	EndProjectSection
EndProject
Global
	GlobalSection(SolutionConfigurationPlatforms) = preSolution
		Debug|Itanium = Debug|Itanium
		Debug|Win32 = Debug|Win32
		Debug|x64 = Debug|x64
		Release|Itanium = Release|Itanium
		Release|Win32 = Release|Win32
		Release|x64 = Release|x64
	EndGlobalSection
	GlobalSection(ProjectConfigurationPlatforms) = postSolution
		{BE327EF6-38DA-4E56-A8FB-5417A30BC226}.Debug|Itanium.ActiveCfg = Debug|Itanium
		{BE327EF6-38DA-4E56-A8FB-5417A30BC226}.Debug|Win32.ActiveCfg = Debug|Win32
		{BE327EF6-38DA-4E56-A8FB-5417A30BC226}.Debug|Win32.Build.0 = Debug|Win32
		{BE327EF6-38DA-4E56-A8FB-5417A30BC226}.Debug|x64.ActiveCfg = Debug|x64
		{BE327EF6-38DA-4E56-A8FB-5417A30BC226}.Debug|x64.Build.0 = Debug|x64
		{BE327EF6-38DA-4E56-A8FB-5417A30BC226}.Release|Itanium.ActiveCfg = Release|Itanium
		{BE327EF6-38DA-4E56-A8FB-5417A30BC226}.Release|Itanium.Build.0 = Release|Itanium
		{BE327EF6-38DA-4E56-A8FB-5417A30BC226}.Release|Win32.ActiveCfg = Release|Win32
		{BE327EF6-38DA-4E56-A8FB-5417A30BC226}.Release|Win32.Build.0 = Release|Win32
		{BE327EF6-38DA-4E56-A8FB-5417A30BC226}.Release|x64.ActiveCfg = Release|x64
		{BE327EF6-38DA-4E56-A8FB-5417A30BC226}.Release|x64.Build.0 = Release|x64
		{DAA49CDA-72D4-4B3A-B507-36819DB136D8}.Debug|Itanium.ActiveCfg = Debug|Itanium
		{DAA49CDA-72D4-4B3A-B507-36819DB136D8}.Debug|Itanium.Build.0 = Debug|Itanium
		{DAA49CDA-72D4-4B3A-B507-36819DB136D8}.Debug|Win32.ActiveCfg = Debug|Win32
		{DAA49CDA-72D4-4B3A-B507-36819DB136D8}.Debug|Win32.Build.0 = Debug|Win32
		{DAA49CDA-72D4-4B3A-B507-36819DB136D8}.Debug|x64.ActiveCfg = Debug|x64
		{DAA49CDA-72D4-4B3A-B507-36819DB136D8}.Debug|x64.Build.0 = Debug|x64
		{DAA49CDA-72D4-4B3A-B507-36819DB136D8}.Release|Itanium.ActiveCfg = Release|Itanium
		{DAA49CDA-72D4-4B3A-B507-36819DB136D8}.Release|Itanium.Build.0 = Release|Itanium
		{DAA49CDA-72D4-4B3A-B507-36819DB136D8}.Release|Win32.ActiveCfg = Release|Win32
		{DAA49CDA-72D4-4B3A-B507-36819DB136D8}.Release|Win32.Build.0 = Release|Win32
		{DAA49CDA-72D4-4B3A-B507-36819DB136D8}.Release|x64.ActiveCfg = Release|x64
		{DAA49CDA-72D4-4B3A-B507-36819DB136D8}.Release|x64.Build.0 = Release|x64
		{D580A2CF-56B3-4ED6-BB81-C999486510A0}.Debug|Itanium.ActiveCfg = Debug|Win32
		{D580A2CF-56B3-4ED6-BB81-C999486510A0}.Debug|Itanium.Build.0 = Debug|Win32
		{D580A2CF-56B3-4ED6-BB81-C999486510A0}.Debug|Win32.ActiveCfg = Debug|Win32
		{D580A2CF-56B3-4ED6-BB81-C999486510A0}.Debug|Win32.Build.0 = Debug|Win32
		{D580A2CF-56B3-4ED6-BB81-C999486510A0}.Debug|x64.ActiveCfg = Debug|x64
		{D580A2CF-56B3-4ED6-BB81-C999486510A0}.Debug|x64.Build.0 = Debug|x64
		{D580A2CF-56B3-4ED6-BB81-C999486510A0}.Release|Itanium.ActiveCfg = Release|Win32
		{D580A2CF-56B3-4ED6-BB81-C999486510A0}.Release|Itanium.Build.0 = Release|Win32
		{D580A2CF-56B3-4ED6-BB81-C999486510A0}.Release|Win32.ActiveCfg = Release|Win32
		{D580A2CF-56B3-4ED6-BB81-C999486510A0}.Release|Win32.Build.0 = Release|Win32
		{D580A2CF-56B3-4ED6-BB81-C999486510A0}.Release|x64.ActiveCfg = Release|x64
		{D580A2CF-56B3-4ED6-BB81-C999486510A0}.Release|x64.Build.0 = Release|x64
		{0B922182-42DB-47A6-8206-202868E7D6AF}.Debug|Itanium.ActiveCfg = Debug|Win32
		{0B922182-42DB-47A6-8206-202868E7D6AF}.Debug|Itanium.Build.0 = Debug|Win32
		{0B922182-42DB-47A6-8206-202868E7D6AF}.Debug|Win32.ActiveCfg = Debug|Win32
		{0B922182-42DB-47A6-8206-202868E7D6AF}.Debug|Win32.Build.0 = Debug|Win32
		{0B922182-42DB-47A6-8206-202868E7D6AF}.Debug|x64.ActiveCfg = Debug|x64
		{0B922182-42DB-47A6-8206-202868E7D6AF}.Debug|x64.Build.0 = Debug|x64
		{0B922182-42DB-47A6-8206-202868E7D6AF}.Release|Itanium.ActiveCfg = Release|Win32
		{0B922182-42DB-47A6-8206-202868E7D6AF}.Release|Itanium.Build.0 = Release|Win32
		{0B922182-42DB-47A6-8206-202868E7D6AF}.Release|Win32.ActiveCfg = Release|Win32
		{0B922182-42DB-47A6-8206-202868E7D6AF}.Release|Win32.Build.0 = Release|Win32
		{0B922182-42DB-47A6-8206-202868E7D6AF}.Release|x64.ActiveCfg = Release|x64
		{0B922182-42DB-47A6-8206-202868E7D6AF}.Release|x64.Build.0 = Release|x64
		{DFA7644A-EACD-40A2-A854-76C8FEE93653}.Debug|Itanium.ActiveCfg = Debug|Win32
		{DFA7644A-EACD-40A2-A854-76C8FEE93653}.Debug|Itanium.Build.0 = Debug|Win32
		{DFA7644A-EACD-40A2-A854-76C8FEE93653}.Debug|Win32.ActiveCfg = Debug|Win32
		{DFA7644A-EACD-40A2-A854-76C8FEE93653}.Debug|Win32.Build.0 = Debug|Win32
		{DFA7644A-EACD-40A2-A854-76C8FEE93653}.Debug|x64.ActiveCfg = Debug|x64
		{DFA7644A-EACD-40A2-A854-76C8FEE93653}.Debug|x64.Build.0 = Debug|x64
		{DFA7644A-EACD-40A2-A854-76C8FEE93653}.Release|Itanium.ActiveCfg = Release|Win32
		{DFA7644A-EACD-40A2-A854-76C8FEE93653}.Release|Itanium.Build.0 = Release|Win32
		{DFA7644A-EACD-40A2-A854-76C8FEE93653}.Release|Win32.ActiveCfg = Release|Win32
		{DFA7644A-EACD-40A2-A854-76C8FEE93653}.Release|Win32.Build.0 = Release|Win32
		{DFA7644A-EACD-40A2-A854-76C8FEE93653}.Release|x64.ActiveCfg = Release|x64
		{DFA7644A-EACD-40A2-A854-76C8FEE93653}.Release|x64.Build.0 = Release|x64
		{B58E2D24-6A65-4D57-B02D-C2CFA33A0439}.Debug|Itanium.ActiveCfg = Debug|Itanium
		{B58E2D24-6A65-4D57-B02D-C2CFA33A0439}.Debug|Itanium.Build.0 = Debug|Itanium
		{B58E2D24-6A65-4D57-B02D-C2CFA33A0439}.Debug|Win32.ActiveCfg = Debug|Win32
		{B58E2D24-6A65-4D57-B02D-C2CFA33A0439}.Debug|Win32.Build.0 = Debug|Win32
		{B58E2D24-6A65-4D57-B02D-C2CFA33A0439}.Debug|x64.ActiveCfg = Debug|x64
		{B58E2D24-6A65-4D57-B02D-C2CFA33A0439}.Debug|x64.Build.0 = Debug|x64
		{B58E2D24-6A65-4D57-B02D-C2CFA33A0439}.Release|Itanium.ActiveCfg = Release|Itanium
		{B58E2D24-6A65-4D57-B02D-C2CFA33A0439}.Release|Itanium.Build.0 = Release|Itanium
		{B58E2D24-6A65-4D57-B02D-C2CFA33A0439}.Release|Win32.ActiveCfg = Release|Win32
		{B58E2D24-6A65-4D57-B02D-C2CFA33A0439}.Release|Win32.Build.0 = Release|Win32
		{B58E2D24-6A65-4D57-B02D-C2CFA33A0439}.Release|x64.ActiveCfg = Release|x64
		{B58E2D24-6A65-4D57-B02D-C2CFA33A0439}.Release|x64.Build.0 = Release|x64
	EndGlobalSection
	GlobalSection(SolutionProperties) = preSolution
		HideSolutionNode = FALSE
	EndGlobalSection
EndGlobal
